
Microsoft Visual Studio Solution File, Format Version 12.00
# Visual Studio Version 17
VisualStudioVersion = 17.9.34902.65
MinimumVisualStudioVersion = 10.0.40219.1
Project("{2150E333-8FDC-42A3-9474-1A3956D46DE8}") = "Src", "Src", "{0B76E5EC-AE7C-4B67-AE4F-CFB5F63118D1}"
EndProject
Project("{2150E333-8FDC-42A3-9474-1A3956D46DE8}") = "Core", "Core", "{C3873C73-2C64-400C-962B-ECEB991D432D}"
EndProject
Project("{9A19103F-16F7-4668-BE54-9A1E7A4F7556}") = "Application", "Application\Application.csproj", "{3D17BBA5-E517-4057-8686-8C72FF0FCCC9}"
EndProject
Project("{9A19103F-16F7-4668-BE54-9A1E7A4F7556}") = "Domain", "Domain\Domain.csproj", "{F35DD495-8170-4A0E-965B-432D3C8FB0FE}"
EndProject
Project("{9A19103F-16F7-4668-BE54-9A1E7A4F7556}") = "Infra.Data", "Infra\Infra.Data.csproj", "{B7EF1E48-D186-4219-85B5-BDAB6F62342C}"
EndProject
Project("{9A19103F-16F7-4668-BE54-9A1E7A4F7556}") = "API", "API\API.csproj", "{7C2C5A7A-1C73-4447-8248-40EA9DFFE1F4}"
EndProject
Project("{E53339B2-1760-4266-BCC7-CA923CBCF16C}") = "docker-compose", "docker-compose.dcproj", "{FC1A838D-2927-495A-B1DD-EEDF63E68D74}"
EndProject
Project("{2150E333-8FDC-42A3-9474-1A3956D46DE8}") = "Presentation", "Presentation", "{18853C3E-B1AA-4F30-8079-0D7CD579388A}"
EndProject
Project("{2150E333-8FDC-42A3-9474-1A3956D46DE8}") = "Infrastructure", "Infrastructure", "{F266E0C8-DB3D-4A4A-9FC9-34B1D0904010}"
EndProject
Project("{FAE04EC0-301F-11D3-BF4B-00C04F79EFBC}") = "Infra.GatewayPagamento", "Infra.GatewayPagamento\Infra.GatewayPagamento.csproj", "{3BE8695C-1888-40CD-BA61-DC1DA5DEABF8}"
	ProjectSection(ProjectDependencies) = postProject
		{F35DD495-8170-4A0E-965B-432D3C8FB0FE} = {F35DD495-8170-4A0E-965B-432D3C8FB0FE}
	EndProjectSection
EndProject
Global
	GlobalSection(SolutionConfigurationPlatforms) = preSolution
		Debug|Any CPU = Debug|Any CPU
		Release|Any CPU = Release|Any CPU
	EndGlobalSection
	GlobalSection(ProjectConfigurationPlatforms) = postSolution
		{3D17BBA5-E517-4057-8686-8C72FF0FCCC9}.Debug|Any CPU.ActiveCfg = Debug|Any CPU
		{3D17BBA5-E517-4057-8686-8C72FF0FCCC9}.Debug|Any CPU.Build.0 = Debug|Any CPU
		{3D17BBA5-E517-4057-8686-8C72FF0FCCC9}.Release|Any CPU.ActiveCfg = Release|Any CPU
		{3D17BBA5-E517-4057-8686-8C72FF0FCCC9}.Release|Any CPU.Build.0 = Release|Any CPU
		{F35DD495-8170-4A0E-965B-432D3C8FB0FE}.Debug|Any CPU.ActiveCfg = Debug|Any CPU
		{F35DD495-8170-4A0E-965B-432D3C8FB0FE}.Debug|Any CPU.Build.0 = Debug|Any CPU
		{F35DD495-8170-4A0E-965B-432D3C8FB0FE}.Release|Any CPU.ActiveCfg = Release|Any CPU
		{F35DD495-8170-4A0E-965B-432D3C8FB0FE}.Release|Any CPU.Build.0 = Release|Any CPU
		{B7EF1E48-D186-4219-85B5-BDAB6F62342C}.Debug|Any CPU.ActiveCfg = Debug|Any CPU
		{B7EF1E48-D186-4219-85B5-BDAB6F62342C}.Debug|Any CPU.Build.0 = Debug|Any CPU
		{B7EF1E48-D186-4219-85B5-BDAB6F62342C}.Release|Any CPU.ActiveCfg = Release|Any CPU
		{B7EF1E48-D186-4219-85B5-BDAB6F62342C}.Release|Any CPU.Build.0 = Release|Any CPU
		{7C2C5A7A-1C73-4447-8248-40EA9DFFE1F4}.Debug|Any CPU.ActiveCfg = Debug|Any CPU
		{7C2C5A7A-1C73-4447-8248-40EA9DFFE1F4}.Debug|Any CPU.Build.0 = Debug|Any CPU
		{7C2C5A7A-1C73-4447-8248-40EA9DFFE1F4}.Release|Any CPU.ActiveCfg = Release|Any CPU
		{7C2C5A7A-1C73-4447-8248-40EA9DFFE1F4}.Release|Any CPU.Build.0 = Release|Any CPU
		{FC1A838D-2927-495A-B1DD-EEDF63E68D74}.Debug|Any CPU.ActiveCfg = Debug|Any CPU
		{FC1A838D-2927-495A-B1DD-EEDF63E68D74}.Debug|Any CPU.Build.0 = Debug|Any CPU
		{FC1A838D-2927-495A-B1DD-EEDF63E68D74}.Release|Any CPU.ActiveCfg = Release|Any CPU
		{FC1A838D-2927-495A-B1DD-EEDF63E68D74}.Release|Any CPU.Build.0 = Release|Any CPU
		{3BE8695C-1888-40CD-BA61-DC1DA5DEABF8}.Debug|Any CPU.ActiveCfg = Debug|Any CPU
		{3BE8695C-1888-40CD-BA61-DC1DA5DEABF8}.Debug|Any CPU.Build.0 = Debug|Any CPU
		{3BE8695C-1888-40CD-BA61-DC1DA5DEABF8}.Release|Any CPU.ActiveCfg = Release|Any CPU
		{3BE8695C-1888-40CD-BA61-DC1DA5DEABF8}.Release|Any CPU.Build.0 = Release|Any CPU
	EndGlobalSection
	GlobalSection(SolutionProperties) = preSolution
		HideSolutionNode = FALSE
	EndGlobalSection
	GlobalSection(NestedProjects) = preSolution
		{C3873C73-2C64-400C-962B-ECEB991D432D} = {0B76E5EC-AE7C-4B67-AE4F-CFB5F63118D1}
		{3D17BBA5-E517-4057-8686-8C72FF0FCCC9} = {C3873C73-2C64-400C-962B-ECEB991D432D}
		{F35DD495-8170-4A0E-965B-432D3C8FB0FE} = {C3873C73-2C64-400C-962B-ECEB991D432D}
		{B7EF1E48-D186-4219-85B5-BDAB6F62342C} = {F266E0C8-DB3D-4A4A-9FC9-34B1D0904010}
		{7C2C5A7A-1C73-4447-8248-40EA9DFFE1F4} = {18853C3E-B1AA-4F30-8079-0D7CD579388A}
		{18853C3E-B1AA-4F30-8079-0D7CD579388A} = {0B76E5EC-AE7C-4B67-AE4F-CFB5F63118D1}
		{F266E0C8-DB3D-4A4A-9FC9-34B1D0904010} = {0B76E5EC-AE7C-4B67-AE4F-CFB5F63118D1}
		{3BE8695C-1888-40CD-BA61-DC1DA5DEABF8} = {F266E0C8-DB3D-4A4A-9FC9-34B1D0904010}
	EndGlobalSection
	GlobalSection(ExtensibilityGlobals) = postSolution
		SolutionGuid = {CC1F6D16-44B2-4CF2-A9B5-BBE75C91AF3D}
	EndGlobalSection
EndGlobal
